
Microsoft Visual Studio Solution File, Format Version 12.00
# Visual Studio Version 17
VisualStudioVersion = 17.14.36301.6 d17.14
MinimumVisualStudioVersion = 10.0.40219.1
Project("{FAE04EC0-301F-11D3-BF4B-00C04F79EFBC}") = "WpfApp1", "WpfApp1\WpfApp1.csproj", "{B23E83F4-9F5D-4C76-901D-DA9E5CA6CE9F}"
EndProject
Global
	GlobalSection(SolutionConfigurationPlatforms) = preSolution
		Debug|Any CPU = Debug|Any CPU
		Release|Any CPU = Release|Any CPU
	EndGlobalSection
	GlobalSection(ProjectConfigurationPlatforms) = postSolution
		{B23E83F4-9F5D-4C76-901D-DA9E5CA6CE9F}.Debug|Any CPU.ActiveCfg = Debug|Any CPU
		{B23E83F4-9F5D-4C76-901D-DA9E5CA6CE9F}.Debug|Any CPU.Build.0 = Debug|Any CPU
		{B23E83F4-9F5D-4C76-901D-DA9E5CA6CE9F}.Release|Any CPU.ActiveCfg = Release|Any CPU
		{B23E83F4-9F5D-4C76-901D-DA9E5CA6CE9F}.Release|Any CPU.Build.0 = Release|Any CPU
	EndGlobalSection
	GlobalSection(SolutionProperties) = preSolution
		HideSolutionNode = FALSE
	EndGlobalSection
	GlobalSection(ExtensibilityGlobals) = postSolution
		SolutionGuid = {DBA41F85-674F-4E87-9DA9-884FC720AA72}
	EndGlobalSection
EndGlobal
